# THIS IS AN AUTOGENERATED FILE. DO NOT EDIT THIS FILE DIRECTLY.
# yarn lockfile v1


ansi-regex@^2.0.0:
  version "2.1.1"
  resolved "https://registry.yarnpkg.com/ansi-regex/-/ansi-regex-2.1.1.tgz#c3b33ab5ee360d86e0e628f0468ae7ef27d654df"

ansi-styles@^2.2.1:
  version "2.2.1"
  resolved "https://registry.yarnpkg.com/ansi-styles/-/ansi-styles-2.2.1.tgz#b432dd3358b634cf75e1e4664368240533c1ddbe"

babel-runtime@^6.18.0:
  version "6.23.0"
  resolved "https://registry.yarnpkg.com/babel-runtime/-/babel-runtime-6.23.0.tgz#0a9489f144de70efb3ce4300accdb329e2fc543b"
  dependencies:
    core-js "^2.4.0"
    regenerator-runtime "^0.10.0"

chalk@^1.1.3:
  version "1.1.3"
  resolved "https://registry.yarnpkg.com/chalk/-/chalk-1.1.3.tgz#a8115c55e4a702fe4d150abd3872822a7e09fc98"
  dependencies:
    ansi-styles "^2.2.1"
    escape-string-regexp "^1.0.2"
    has-ansi "^2.0.0"
    strip-ansi "^3.0.0"
    supports-color "^2.0.0"

commander@^2.9.0:
  version "2.9.0"
  resolved "https://registry.yarnpkg.com/commander/-/commander-2.9.0.tgz#9c99094176e12240cb22d6c5146098400fe0f7d4"
  dependencies:
    graceful-readlink ">= 1.0.0"

common-tags@^1.4.0:
  version "1.4.0"
  resolved "https://registry.yarnpkg.com/common-tags/-/common-tags-1.4.0.tgz#1187be4f3d4cf0c0427d43f74eef1f73501614c0"
  dependencies:
    babel-runtime "^6.18.0"

core-js@^2.4.0:
  version "2.4.1"
  resolved "https://registry.yarnpkg.com/core-js/-/core-js-2.4.1.tgz#4de911e667b0eae9124e34254b53aea6fc618d3e"

discord.js-commando@^0.9.0:
  version "0.9.0"
  resolved "https://registry.yarnpkg.com/discord.js-commando/-/discord.js-commando-0.9.0.tgz#f9dcfeb6b8cab8cc585cd5cc7ca6c1c4a99a2e94"
  dependencies:
    common-tags "^1.4.0"
    escape-string-regexp "^1.0.0"
    require-all "^2.0.0"

discord.js@^11.1.0:
  version "11.1.0"
  resolved "https://registry.yarnpkg.com/discord.js/-/discord.js-11.1.0.tgz#5351d59e3798f536de1975e92cae4d11af3d9266"
  dependencies:
    long "^3.2.0"
    prism-media "^0.0.1"
    snekfetch "^3.1.0"
    tweetnacl "^0.14.0"
    ws "^2.0.0"

escape-string-regexp@^1.0.0, escape-string-regexp@^1.0.2:
  version "1.0.5"
  resolved "https://registry.yarnpkg.com/escape-string-regexp/-/escape-string-regexp-1.0.5.tgz#1b61c0562190a8dff6ae3bb2cf0200ca130b86d4"

"graceful-readlink@>= 1.0.0":
  version "1.0.1"
  resolved "https://registry.yarnpkg.com/graceful-readlink/-/graceful-readlink-1.0.1.tgz#4cafad76bc62f02fa039b2f94e9a3dd3a391a725"

has-ansi@^2.0.0:
  version "2.0.0"
  resolved "https://registry.yarnpkg.com/has-ansi/-/has-ansi-2.0.0.tgz#34f5049ce1ecdf2b0649af3ef24e45ed35416d91"
  dependencies:
    ansi-regex "^2.0.0"

lloogg@^0.1.1:
  version "0.1.1"
  resolved "https://registry.yarnpkg.com/lloogg/-/lloogg-0.1.1.tgz#228a50ec80febe3a31adc1bd8bc7a4810b071c0c"
  dependencies:
    chalk "^1.1.3"

long@^3.2.0:
  version "3.2.0"
  resolved "https://registry.yarnpkg.com/long/-/long-3.2.0.tgz#d821b7138ca1cb581c172990ef14db200b5c474b"

prism-media@^0.0.1:
  version "0.0.1"
  resolved "https://registry.yarnpkg.com/prism-media/-/prism-media-0.0.1.tgz#a3425c9cabd50d1c6c02e543941a11895667bd10"

random-int@^1.0.0:
  version "1.0.0"
  resolved "https://registry.yarnpkg.com/random-int/-/random-int-1.0.0.tgz#e6a2ed3448ac9c6646a0657443b1c1521592ed08"

random-item@^1.0.0:
  version "1.0.0"
  resolved "https://registry.yarnpkg.com/random-item/-/random-item-1.0.0.tgz#16ee31626cb050c8a1686a5f0f42a6b99a2aaf11"

regenerator-runtime@^0.10.0:
  version "0.10.5"
  resolved "https://registry.yarnpkg.com/regenerator-runtime/-/regenerator-runtime-0.10.5.tgz#336c3efc1220adcedda2c9fab67b5a7955a33658"

require-all@^2.0.0:
  version "2.2.0"
  resolved "https://registry.yarnpkg.com/require-all/-/require-all-2.2.0.tgz#b4420c233ac0282d0ff49b277fb880a8b5de0894"

safe-buffer@~5.0.1:
  version "5.0.1"
  resolved "https://registry.yarnpkg.com/safe-buffer/-/safe-buffer-5.0.1.tgz#d263ca54696cd8a306b5ca6551e92de57918fbe7"

snekfetch@^3.1.0:
  version "3.1.8"
  resolved "https://registry.yarnpkg.com/snekfetch/-/snekfetch-3.1.8.tgz#a871a6208f9ec6ec72e2c61416f40880ee1aea92"

strip-ansi@^3.0.0:
  version "3.0.1"
  resolved "https://registry.yarnpkg.com/strip-ansi/-/strip-ansi-3.0.1.tgz#6a385fb8853d952d5ff05d0e8aaf94278dc63dcf"
  dependencies:
    ansi-regex "^2.0.0"

supports-color@^2.0.0:
  version "2.0.0"
  resolved "https://registry.yarnpkg.com/supports-color/-/supports-color-2.0.0.tgz#535d045ce6b6363fa40117084629995e9df324c7"

tweetnacl@^0.14.0:
  version "0.14.5"
  resolved "https://registry.yarnpkg.com/tweetnacl/-/tweetnacl-0.14.5.tgz#5ae68177f192d4456269d108afa93ff8743f4f64"

ultron@~1.1.0:
  version "1.1.0"
  resolved "https://registry.yarnpkg.com/ultron/-/ultron-1.1.0.tgz#b07a2e6a541a815fc6a34ccd4533baec307ca864"

unique-random-array@^1.0.0:
  version "1.0.0"
  resolved "https://registry.yarnpkg.com/unique-random-array/-/unique-random-array-1.0.0.tgz#42b3721c579388d8b667c93c2dbde3d5d81a9136"
  dependencies:
    unique-random "^1.0.0"

unique-random@^1.0.0:
  version "1.0.0"
  resolved "https://registry.yarnpkg.com/unique-random/-/unique-random-1.0.0.tgz#ce3e224c8242cd33a0e77b0d7180d77e6b62d0c4"

ws@^2.0.0:
  version "2.3.1"
  resolved "https://registry.yarnpkg.com/ws/-/ws-2.3.1.tgz#6b94b3e447cb6a363f785eaf94af6359e8e81c80"
  dependencies:
    safe-buffer "~5.0.1"
    ultron "~1.1.0"
